<?xml version="1.0" encoding="utf-8"?>
<Project ToolsVersion="15.0" xmlns="http://schemas.microsoft.com/developer/msbuild/2003">
  <ItemGroup>
    <ClCompile Include="Z:\mp2-lab1-set\src\tbitfield.cpp">
      <Filter>Source Files</Filter>
    </ClCompile>
    <ClCompile Include="Z:\mp2-lab1-set\src\tset.cpp">
      <Filter>Source Files</Filter>
    </ClCompile>
  </ItemGroup>
  <ItemGroup>
    <ClInclude Include="Z:\mp2-lab1-set\include\tbitfield.h">
      <Filter>Header Files</Filter>
    </ClInclude>
    <ClInclude Include="Z:\mp2-lab1-set\include\tset.h">
      <Filter>Header Files</Filter>
    </ClInclude>
  </ItemGroup>
  <ItemGroup>
    <CustomBuild Include="Z:\mp2-lab1-set\src\CMakeLists.txt" />
  </ItemGroup>
  <ItemGroup>
    <Filter Include="Header Files">
      <UniqueIdentifier>{EDFC30A4-3423-355F-A32C-6F3763D58C71}</UniqueIdentifier>
    </Filter>
    <Filter Include="Source Files">
      <UniqueIdentifier>{A9554978-477A-3A19-94E6-3FADA8DD5B97}</UniqueIdentifier>
    </Filter>
  </ItemGroup>
</Project>
