<?xml version="1.0" encoding="utf-8"?>
<Project ToolsVersion="15.0" xmlns="http://schemas.microsoft.com/developer/msbuild/2003">
  <ItemGroup>
    <CustomBuild Include="Z:\mp2-lab1-set\buildclass\CMakeFiles\84f43c7a323dd15c00ea38d1362965e0\generate.stamp.rule">
      <Filter>CMake Rules</Filter>
    </CustomBuild>
  </ItemGroup>
  <ItemGroup>
    <Filter Include="CMake Rules">
      <UniqueIdentifier>{EBE6ECEB-1EBE-314E-A8E5-68B9EB2DB01D}</UniqueIdentifier>
    </Filter>
  </ItemGroup>
</Project>
